
Microsoft Visual Studio Solution File, Format Version 12.00
# Visual Studio Version 17
VisualStudioVersion = 17.12.35527.113 d17.12
MinimumVisualStudioVersion = 10.0.40219.1
Project("{FAE04EC0-301F-11D3-BF4B-00C04F79EFBC}") = "Nr1", "Nr1\Nr1.csproj", "{82604C8F-5154-4BA5-ABD7-AA9944AE9688}"
EndProject
Project("{FAE04EC0-301F-11D3-BF4B-00C04F79EFBC}") = "Nr2", "Nr2\Nr2.csproj", "{8EA5E9EE-B66D-46D7-833E-0A69D79716E8}"
EndProject
Project("{FAE04EC0-301F-11D3-BF4B-00C04F79EFBC}") = "Nr3", "Nr3\Nr3.csproj", "{4D070BEE-21C9-434E-B54B-18E5DC092B63}"
EndProject
Project("{FAE04EC0-301F-11D3-BF4B-00C04F79EFBC}") = "Nr4", "Nr4\Nr4.csproj", "{E041B061-B806-471F-ACCA-FEE80430AF54}"
EndProject
Project("{FAE04EC0-301F-11D3-BF4B-00C04F79EFBC}") = "Nr5", "Nr5\Nr5.csproj", "{0CC40571-9680-40E5-9A13-53469B7E4D50}"
EndProject
Project("{FAE04EC0-301F-11D3-BF4B-00C04F79EFBC}") = "Nr6", "Nr6\Nr6.csproj", "{36F5DBDB-EEE1-4730-B3DA-340358470009}"
EndProject
Project("{FAE04EC0-301F-11D3-BF4B-00C04F79EFBC}") = "Nr7", "Nr7\Nr7.csproj", "{E9B95388-94CF-4581-85E4-424A664F71B1}"
EndProject
Project("{FAE04EC0-301F-11D3-BF4B-00C04F79EFBC}") = "Nr8", "Nr8\Nr8.csproj", "{E6A176C0-5A76-49E4-BE99-AF851DBD5D90}"
EndProject
Global
	GlobalSection(SolutionConfigurationPlatforms) = preSolution
		Debug|Any CPU = Debug|Any CPU
		Release|Any CPU = Release|Any CPU
	EndGlobalSection
	GlobalSection(ProjectConfigurationPlatforms) = postSolution
		{82604C8F-5154-4BA5-ABD7-AA9944AE9688}.Debug|Any CPU.ActiveCfg = Debug|Any CPU
		{82604C8F-5154-4BA5-ABD7-AA9944AE9688}.Debug|Any CPU.Build.0 = Debug|Any CPU
		{82604C8F-5154-4BA5-ABD7-AA9944AE9688}.Release|Any CPU.ActiveCfg = Release|Any CPU
		{82604C8F-5154-4BA5-ABD7-AA9944AE9688}.Release|Any CPU.Build.0 = Release|Any CPU
		{8EA5E9EE-B66D-46D7-833E-0A69D79716E8}.Debug|Any CPU.ActiveCfg = Debug|Any CPU
		{8EA5E9EE-B66D-46D7-833E-0A69D79716E8}.Debug|Any CPU.Build.0 = Debug|Any CPU
		{8EA5E9EE-B66D-46D7-833E-0A69D79716E8}.Release|Any CPU.ActiveCfg = Release|Any CPU
		{8EA5E9EE-B66D-46D7-833E-0A69D79716E8}.Release|Any CPU.Build.0 = Release|Any CPU
		{4D070BEE-21C9-434E-B54B-18E5DC092B63}.Debug|Any CPU.ActiveCfg = Debug|Any CPU
		{4D070BEE-21C9-434E-B54B-18E5DC092B63}.Debug|Any CPU.Build.0 = Debug|Any CPU
		{4D070BEE-21C9-434E-B54B-18E5DC092B63}.Release|Any CPU.ActiveCfg = Release|Any CPU
		{4D070BEE-21C9-434E-B54B-18E5DC092B63}.Release|Any CPU.Build.0 = Release|Any CPU
		{E041B061-B806-471F-ACCA-FEE80430AF54}.Debug|Any CPU.ActiveCfg = Debug|Any CPU
		{E041B061-B806-471F-ACCA-FEE80430AF54}.Debug|Any CPU.Build.0 = Debug|Any CPU
		{E041B061-B806-471F-ACCA-FEE80430AF54}.Release|Any CPU.ActiveCfg = Release|Any CPU
		{E041B061-B806-471F-ACCA-FEE80430AF54}.Release|Any CPU.Build.0 = Release|Any CPU
		{0CC40571-9680-40E5-9A13-53469B7E4D50}.Debug|Any CPU.ActiveCfg = Debug|Any CPU
		{0CC40571-9680-40E5-9A13-53469B7E4D50}.Debug|Any CPU.Build.0 = Debug|Any CPU
		{0CC40571-9680-40E5-9A13-53469B7E4D50}.Release|Any CPU.ActiveCfg = Release|Any CPU
		{0CC40571-9680-40E5-9A13-53469B7E4D50}.Release|Any CPU.Build.0 = Release|Any CPU
		{36F5DBDB-EEE1-4730-B3DA-340358470009}.Debug|Any CPU.ActiveCfg = Debug|Any CPU
		{36F5DBDB-EEE1-4730-B3DA-340358470009}.Debug|Any CPU.Build.0 = Debug|Any CPU
		{36F5DBDB-EEE1-4730-B3DA-340358470009}.Release|Any CPU.ActiveCfg = Release|Any CPU
		{36F5DBDB-EEE1-4730-B3DA-340358470009}.Release|Any CPU.Build.0 = Release|Any CPU
		{E9B95388-94CF-4581-85E4-424A664F71B1}.Debug|Any CPU.ActiveCfg = Debug|Any CPU
		{E9B95388-94CF-4581-85E4-424A664F71B1}.Debug|Any CPU.Build.0 = Debug|Any CPU
		{E9B95388-94CF-4581-85E4-424A664F71B1}.Release|Any CPU.ActiveCfg = Release|Any CPU
		{E9B95388-94CF-4581-85E4-424A664F71B1}.Release|Any CPU.Build.0 = Release|Any CPU
		{E6A176C0-5A76-49E4-BE99-AF851DBD5D90}.Debug|Any CPU.ActiveCfg = Debug|Any CPU
		{E6A176C0-5A76-49E4-BE99-AF851DBD5D90}.Debug|Any CPU.Build.0 = Debug|Any CPU
		{E6A176C0-5A76-49E4-BE99-AF851DBD5D90}.Release|Any CPU.ActiveCfg = Release|Any CPU
		{E6A176C0-5A76-49E4-BE99-AF851DBD5D90}.Release|Any CPU.Build.0 = Release|Any CPU
	EndGlobalSection
	GlobalSection(SolutionProperties) = preSolution
		HideSolutionNode = FALSE
	EndGlobalSection
EndGlobal
